
Microsoft Visual Studio Solution File, Format Version 11.00
# Visual Studio 2010
Project("{FAE04EC0-301F-11D3-BF4B-00C04F79EFBC}") = "MVCVideo.Demo", "MVCVideo.Demo\MVCVideo.Demo.csproj", "{8EEE6544-26A7-4AA9-8008-1A162961F520}"
EndProject
Global
	GlobalSection(SolutionConfigurationPlatforms) = preSolution
		Debug|Any CPU = Debug|Any CPU
		Release|Any CPU = Release|Any CPU
	EndGlobalSection
	GlobalSection(ProjectConfigurationPlatforms) = postSolution
		{8EEE6544-26A7-4AA9-8008-1A162961F520}.Debug|Any CPU.ActiveCfg = Debug|Any CPU
		{8EEE6544-26A7-4AA9-8008-1A162961F520}.Debug|Any CPU.Build.0 = Debug|Any CPU
		{8EEE6544-26A7-4AA9-8008-1A162961F520}.Release|Any CPU.ActiveCfg = Release|Any CPU
		{8EEE6544-26A7-4AA9-8008-1A162961F520}.Release|Any CPU.Build.0 = Release|Any CPU
	EndGlobalSection
	GlobalSection(SolutionProperties) = preSolution
		HideSolutionNode = FALSE
	EndGlobalSection
EndGlobal
